
Microsoft Visual Studio Solution File, Format Version 12.00
# Visual Studio 15
VisualStudioVersion = 15.0.28307.852
MinimumVisualStudioVersion = 10.0.40219.1
Project("{8BC9CEB8-8B4A-11D0-8D11-00A0C91BC942}") = "Win10WubiShiftPatch", "Win10WubiShiftPatch.vcxproj", "{7C072495-C5FC-432D-B5DB-47A703C82123}"
EndProject
Global
	GlobalSection(SolutionConfigurationPlatforms) = preSolution
		Debug|x64 = Debug|x64
		Debug|x86 = Debug|x86
		Release|x64 = Release|x64
		Release|x86 = Release|x86
	EndGlobalSection
	GlobalSection(ProjectConfigurationPlatforms) = postSolution
		{7C072495-C5FC-432D-B5DB-47A703C82123}.Debug|x64.ActiveCfg = Debug|x64
		{7C072495-C5FC-432D-B5DB-47A703C82123}.Debug|x64.Build.0 = Debug|x64
		{7C072495-C5FC-432D-B5DB-47A703C82123}.Debug|x86.ActiveCfg = Debug|Win32
		{7C072495-C5FC-432D-B5DB-47A703C82123}.Debug|x86.Build.0 = Debug|Win32
		{7C072495-C5FC-432D-B5DB-47A703C82123}.Release|x64.ActiveCfg = Release|x64
		{7C072495-C5FC-432D-B5DB-47A703C82123}.Release|x64.Build.0 = Release|x64
		{7C072495-C5FC-432D-B5DB-47A703C82123}.Release|x86.ActiveCfg = Release|Win32
		{7C072495-C5FC-432D-B5DB-47A703C82123}.Release|x86.Build.0 = Release|Win32
	EndGlobalSection
	GlobalSection(SolutionProperties) = preSolution
		HideSolutionNode = FALSE
	EndGlobalSection
	GlobalSection(ExtensibilityGlobals) = postSolution
		SolutionGuid = {809628A5-8A2E-4FF5-9F65-EFE6E78966B8}
	EndGlobalSection
EndGlobal
